
Microsoft Visual Studio Solution File, Format Version 12.00
# Visual Studio 15
VisualStudioVersion = 15.0.28010.2003
MinimumVisualStudioVersion = 10.0.40219.1
Project("{FAE04EC0-301F-11D3-BF4B-00C04F79EFBC}") = "Asteroids1", "Asteroids1\Asteroids1.csproj", "{9236A950-4804-4DDC-9479-E701C5039665}"
EndProject
Global
	GlobalSection(SolutionConfigurationPlatforms) = preSolution
		Debug|Any CPU = Debug|Any CPU
		Release|Any CPU = Release|Any CPU
	EndGlobalSection
	GlobalSection(ProjectConfigurationPlatforms) = postSolution
		{9236A950-4804-4DDC-9479-E701C5039665}.Debug|Any CPU.ActiveCfg = Debug|Any CPU
		{9236A950-4804-4DDC-9479-E701C5039665}.Debug|Any CPU.Build.0 = Debug|Any CPU
		{9236A950-4804-4DDC-9479-E701C5039665}.Release|Any CPU.ActiveCfg = Release|Any CPU
		{9236A950-4804-4DDC-9479-E701C5039665}.Release|Any CPU.Build.0 = Release|Any CPU
	EndGlobalSection
	GlobalSection(SolutionProperties) = preSolution
		HideSolutionNode = FALSE
	EndGlobalSection
	GlobalSection(ExtensibilityGlobals) = postSolution
		SolutionGuid = {C00A97C0-ABC7-4A63-ACE2-901FC40FC777}
	EndGlobalSection
EndGlobal
